// !$*UTF8*$!
{
	archiveVersion = 1;
	classes = {
	};
	objectVersion = 52;
	objects = {

/* Begin PBXBuildFile section */
		C2031A9E26E821C9008335A4 /* Color+Extensions.swift in Sources */ = {isa = PBXBuildFile; fileRef = C2031A9D26E821C9008335A4 /* Color+Extensions.swift */; };
		C2051EA426EA862E0050C197 /* ImagePicker.swift in Sources */ = {isa = PBXBuildFile; fileRef = C2051EA326EA862E0050C197 /* ImagePicker.swift */; };
		C20C414C26DEED7C00959C09 /* User.swift in Sources */ = {isa = PBXBuildFile; fileRef = C20C414B26DEED7C00959C09 /* User.swift */; };
		C20C414E26DEF43100959C09 /* AuthentificationViewModel.swift in Sources */ = {isa = PBXBuildFile; fileRef = C20C414D26DEF43100959C09 /* AuthentificationViewModel.swift */; };
		C20D0CAB270B55DF00259061 /* .swiftlint.yml in Resources */ = {isa = PBXBuildFile; fileRef = C20D0CAA270B55DF00259061 /* .swiftlint.yml */; };
		C212DAF4273495AF00EA4C40 /* Artist.swift in Sources */ = {isa = PBXBuildFile; fileRef = C212DAF3273495AF00EA4C40 /* Artist.swift */; };
		C212DAF62734998200EA4C40 /* ArtistCollectionViewModel.swift in Sources */ = {isa = PBXBuildFile; fileRef = C212DAF52734998200EA4C40 /* ArtistCollectionViewModel.swift */; };
		C21C2F3D270CC10D0086579E /* Arts.swift in Sources */ = {isa = PBXBuildFile; fileRef = C21C2F3C270CC10D0086579E /* Arts.swift */; };
		C21D854D2729A813005476C9 /* ConfirmAddressManually.swift in Sources */ = {isa = PBXBuildFile; fileRef = C21D854C2729A813005476C9 /* ConfirmAddressManually.swift */; };
		C22BE1D226FCB38400439384 /* HomeView.swift in Sources */ = {isa = PBXBuildFile; fileRef = C22BE1D126FCB38400439384 /* HomeView.swift */; };
		C22BE1D426FCCE8F00439384 /* LogInView.swift in Sources */ = {isa = PBXBuildFile; fileRef = C22BE1D326FCCE8F00439384 /* LogInView.swift */; };
		C22F65ED26C6B54D00326227 /* SwartApp.swift in Sources */ = {isa = PBXBuildFile; fileRef = C22F65EC26C6B54D00326227 /* SwartApp.swift */; };
		C22F65EF26C6B54D00326227 /* CreateAccountView.swift in Sources */ = {isa = PBXBuildFile; fileRef = C22F65EE26C6B54D00326227 /* CreateAccountView.swift */; };
		C22F65F126C6B54E00326227 /* Assets.xcassets in Resources */ = {isa = PBXBuildFile; fileRef = C22F65F026C6B54E00326227 /* Assets.xcassets */; };
		C22F65F426C6B54E00326227 /* Preview Assets.xcassets in Resources */ = {isa = PBXBuildFile; fileRef = C22F65F326C6B54E00326227 /* Preview Assets.xcassets */; };
		C22F660A26C6B54E00326227 /* SwartUITests.swift in Sources */ = {isa = PBXBuildFile; fileRef = C22F660926C6B54E00326227 /* SwartUITests.swift */; };
		C22F661D26C6CBCD00326227 /* GoogleService-Info.plist in Resources */ = {isa = PBXBuildFile; fileRef = C22F661C26C6CBCD00326227 /* GoogleService-Info.plist */; };
		C23B4AE426E524A000BA65BA /* ViewIsHidden+Extensions.swift in Sources */ = {isa = PBXBuildFile; fileRef = C23B4AE326E524A000BA65BA /* ViewIsHidden+Extensions.swift */; };
		C23B4AEA26E5584100BA65BA /* MainTabView.swift in Sources */ = {isa = PBXBuildFile; fileRef = C23B4AE926E5584100BA65BA /* MainTabView.swift */; };
		C240BBE7271B225B00FA805F /* ReviewProfileView.swift in Sources */ = {isa = PBXBuildFile; fileRef = C240BBE6271B225B00FA805F /* ReviewProfileView.swift */; };
		C242E98B27284A81007139AF /* UseCurrentLocation.swift in Sources */ = {isa = PBXBuildFile; fileRef = C242E98A27284A81007139AF /* UseCurrentLocation.swift */; };
		C243057D2757C5650094926B /* UserViews.swift in Sources */ = {isa = PBXBuildFile; fileRef = C243057C2757C5650094926B /* UserViews.swift */; };
		C24FE76727149D8C00B6E1BC /* TextPresentationView.swift in Sources */ = {isa = PBXBuildFile; fileRef = C24FE76627149D8C00B6E1BC /* TextPresentationView.swift */; };
		C25605A6270A567600275B52 /* WhichArtView.swift in Sources */ = {isa = PBXBuildFile; fileRef = C25605A5270A567600275B52 /* WhichArtView.swift */; };
		C25738F1273EEEBB00D823F5 /* KeyboardHandler.swift in Sources */ = {isa = PBXBuildFile; fileRef = C25738F0273EEEBB00D823F5 /* KeyboardHandler.swift */; };
		C25738F3273F03FD00D823F5 /* HeadlineView.swift in Sources */ = {isa = PBXBuildFile; fileRef = C25738F2273F03FD00D823F5 /* HeadlineView.swift */; };
		C25DABFF2708C3AB00E53FFB /* BecomeAnArtistHomePageView.swift in Sources */ = {isa = PBXBuildFile; fileRef = C25DABFE2708C3AB00E53FFB /* BecomeAnArtistHomePageView.swift */; };
		C264536326FF9E1100B5AC13 /* DatesFormattersViewModel.swift in Sources */ = {isa = PBXBuildFile; fileRef = C264536226FF9E1100B5AC13 /* DatesFormattersViewModel.swift */; };
		C267E2D4272DBC6700A36659 /* MapPin.swift in Sources */ = {isa = PBXBuildFile; fileRef = C267E2D3272DBC6700A36659 /* MapPin.swift */; };
		C26F4E942741924600A7F3A6 /* StoreArtistContentViewModel.swift in Sources */ = {isa = PBXBuildFile; fileRef = C26F4E932741924600A7F3A6 /* StoreArtistContentViewModel.swift */; };
		C2747E9B2719EACD009E7A06 /* PhotoPicker.swift in Sources */ = {isa = PBXBuildFile; fileRef = C2747E9A2719EACD009E7A06 /* PhotoPicker.swift */; };
		C2747E9D2719F9DA009E7A06 /* PhotoPickerModel.swift in Sources */ = {isa = PBXBuildFile; fileRef = C2747E9C2719F9DA009E7A06 /* PhotoPickerModel.swift */; };
		C27EAA28270759AB00776761 /* FirebaseAnalytics in Frameworks */ = {isa = PBXBuildFile; productRef = C27EAA27270759AB00776761 /* FirebaseAnalytics */; };
		C27EAA2A270759AB00776761 /* FirebaseAnalyticsSwift-Beta in Frameworks */ = {isa = PBXBuildFile; productRef = C27EAA29270759AB00776761 /* FirebaseAnalyticsSwift-Beta */; };
		C27EAA2C270759AB00776761 /* FirebaseAnalyticsWithoutAdIdSupport in Frameworks */ = {isa = PBXBuildFile; productRef = C27EAA2B270759AB00776761 /* FirebaseAnalyticsWithoutAdIdSupport */; };
		C27EAA2E270759AB00776761 /* FirebaseAppDistribution-Beta in Frameworks */ = {isa = PBXBuildFile; productRef = C27EAA2D270759AB00776761 /* FirebaseAppDistribution-Beta */; };
		C27EAA30270759AB00776761 /* FirebaseAuth in Frameworks */ = {isa = PBXBuildFile; productRef = C27EAA2F270759AB00776761 /* FirebaseAuth */; };
		C27EAA32270759AB00776761 /* FirebaseCrashlytics in Frameworks */ = {isa = PBXBuildFile; productRef = C27EAA31270759AB00776761 /* FirebaseCrashlytics */; };
		C27EAA34270759AB00776761 /* FirebaseDatabase in Frameworks */ = {isa = PBXBuildFile; productRef = C27EAA33270759AB00776761 /* FirebaseDatabase */; };
		C27EAA36270759AB00776761 /* FirebaseDynamicLinks in Frameworks */ = {isa = PBXBuildFile; productRef = C27EAA35270759AB00776761 /* FirebaseDynamicLinks */; };
		C27EAA38270759AB00776761 /* FirebaseFirestore in Frameworks */ = {isa = PBXBuildFile; productRef = C27EAA37270759AB00776761 /* FirebaseFirestore */; };
		C27EAA3A270759AB00776761 /* FirebaseFirestoreSwift-Beta in Frameworks */ = {isa = PBXBuildFile; productRef = C27EAA39270759AB00776761 /* FirebaseFirestoreSwift-Beta */; };
		C27EAA3C270759AB00776761 /* FirebaseFunctions in Frameworks */ = {isa = PBXBuildFile; productRef = C27EAA3B270759AB00776761 /* FirebaseFunctions */; };
		C27EAA3E270759AB00776761 /* FirebaseInAppMessaging-Beta in Frameworks */ = {isa = PBXBuildFile; productRef = C27EAA3D270759AB00776761 /* FirebaseInAppMessaging-Beta */; };
		C27EAA40270759AB00776761 /* FirebaseInAppMessagingSwift-Beta in Frameworks */ = {isa = PBXBuildFile; productRef = C27EAA3F270759AB00776761 /* FirebaseInAppMessagingSwift-Beta */; };
		C27EAA42270759AB00776761 /* FirebaseInstallations in Frameworks */ = {isa = PBXBuildFile; productRef = C27EAA41270759AB00776761 /* FirebaseInstallations */; };
		C27EAA44270759AB00776761 /* FirebaseMLModelDownloader in Frameworks */ = {isa = PBXBuildFile; productRef = C27EAA43270759AB00776761 /* FirebaseMLModelDownloader */; };
		C27EAA46270759AB00776761 /* FirebaseMessaging in Frameworks */ = {isa = PBXBuildFile; productRef = C27EAA45270759AB00776761 /* FirebaseMessaging */; };
		C27EAA48270759AB00776761 /* FirebaseRemoteConfig in Frameworks */ = {isa = PBXBuildFile; productRef = C27EAA47270759AB00776761 /* FirebaseRemoteConfig */; };
		C27EAA4A270759AB00776761 /* FirebaseStorage in Frameworks */ = {isa = PBXBuildFile; productRef = C27EAA49270759AB00776761 /* FirebaseStorage */; };
		C27EAA4C270759AB00776761 /* FirebaseStorageSwift-Beta in Frameworks */ = {isa = PBXBuildFile; productRef = C27EAA4B270759AB00776761 /* FirebaseStorageSwift-Beta */; };
		C29B35C627061D5000C32829 /* PickerTextField.swift in Sources */ = {isa = PBXBuildFile; fileRef = C29B35C527061D5000C32829 /* PickerTextField.swift */; };
		C29B36F82730505A000E7746 /* ArtistContentView.swift in Sources */ = {isa = PBXBuildFile; fileRef = C29B36F72730505A000E7746 /* ArtistContentView.swift */; };
		C2A1A28F2715F5F400167CE7 /* VideoPresentationView.swift in Sources */ = {isa = PBXBuildFile; fileRef = C2A1A28E2715F5F400167CE7 /* VideoPresentationView.swift */; };
		C2A327E026E143BC00350872 /* ActivityIndicatorView in Frameworks */ = {isa = PBXBuildFile; productRef = C2A327DF26E143BC00350872 /* ActivityIndicatorView */; };
		C2C41AF627038F5C00A014D4 /* Placeholder+Extensions.swift in Sources */ = {isa = PBXBuildFile; fileRef = C2C41AF527038F5C00A014D4 /* Placeholder+Extensions.swift */; };
		C2C8EA66273C0EC800C404E8 /* MultiTextFieldForPresentation.swift in Sources */ = {isa = PBXBuildFile; fileRef = C2C8EA65273C0EC800C404E8 /* MultiTextFieldForPresentation.swift */; };
		C2CBABD827231CF400AF7DE9 /* ProfilePhotoView.swift in Sources */ = {isa = PBXBuildFile; fileRef = C2CBABD727231CF400AF7DE9 /* ProfilePhotoView.swift */; };
		C2CBABDC27231F9700AF7DE9 /* ArtistFormViews.swift in Sources */ = {isa = PBXBuildFile; fileRef = C2CBABDB27231F9700AF7DE9 /* ArtistFormViews.swift */; };
		C2CE62702727131F00253C6E /* Address.swift in Sources */ = {isa = PBXBuildFile; fileRef = C2CE626F2727131F00253C6E /* Address.swift */; };
		C2CE6272272752DA00253C6E /* EnterAddressView.swift in Sources */ = {isa = PBXBuildFile; fileRef = C2CE6271272752DA00253C6E /* EnterAddressView.swift */; };
		C2D5425F271C7A82002809A5 /* LivePhotoView.swift in Sources */ = {isa = PBXBuildFile; fileRef = C2D5425E271C7A82002809A5 /* LivePhotoView.swift */; };
		C2D826AF27122DDF005D2DDE /* WhereToPerformView.swift in Sources */ = {isa = PBXBuildFile; fileRef = C2D826AE27122DDF005D2DDE /* WhereToPerformView.swift */; };
		C2DA6FE62725C68F00E72754 /* AddressView.swift in Sources */ = {isa = PBXBuildFile; fileRef = C2DA6FE52725C68F00E72754 /* AddressView.swift */; };
		C2DA6FE82725F97B00E72754 /* AddressViewModel.swift in Sources */ = {isa = PBXBuildFile; fileRef = C2DA6FE72725F97B00E72754 /* AddressViewModel.swift */; };
		C2DADA8426E7B52C0065667C /* UserCollectionViewModel.swift in Sources */ = {isa = PBXBuildFile; fileRef = C2DADA8326E7B52C0065667C /* UserCollectionViewModel.swift */; };
		C2DADA8626E7C39C0065667C /* UserInAuthentification.swift in Sources */ = {isa = PBXBuildFile; fileRef = C2DADA8526E7C39C0065667C /* UserInAuthentification.swift */; };
		C2DF8983273F08B2007C1F8F /* MultiTextFieldForHeadline.swift in Sources */ = {isa = PBXBuildFile; fileRef = C2DF8982273F08B2007C1F8F /* MultiTextFieldForHeadline.swift */; };
		C2E247A926F901450064C41B /* SDWebImageSwiftUI in Frameworks */ = {isa = PBXBuildFile; productRef = C2E247A826F901450064C41B /* SDWebImageSwiftUI */; };
		C2F81E6A26E8FAD600E26147 /* ProfileView.swift in Sources */ = {isa = PBXBuildFile; fileRef = C2F81E6926E8FAD600E26147 /* ProfileView.swift */; };
		C2F81E6C26E9062E00E26147 /* PersonalInformationView.swift in Sources */ = {isa = PBXBuildFile; fileRef = C2F81E6B26E9062E00E26147 /* PersonalInformationView.swift */; };
		C2F81E6E26E90A2500E26147 /* PaymentView.swift in Sources */ = {isa = PBXBuildFile; fileRef = C2F81E6D26E90A2500E26147 /* PaymentView.swift */; };
		C2F81E7026E90AC100E26147 /* NotificationsView.swift in Sources */ = {isa = PBXBuildFile; fileRef = C2F81E6F26E90AC100E26147 /* NotificationsView.swift */; };
		C2FB406026C95F4400C23362 /* EmailForgotPasswordView.swift in Sources */ = {isa = PBXBuildFile; fileRef = C2FB405F26C95F4400C23362 /* EmailForgotPasswordView.swift */; };
/* End PBXBuildFile section */

/* Begin PBXContainerItemProxy section */
		C22F660626C6B54E00326227 /* PBXContainerItemProxy */ = {
			isa = PBXContainerItemProxy;
			containerPortal = C22F65E126C6B54D00326227 /* Project object */;
			proxyType = 1;
			remoteGlobalIDString = C22F65E826C6B54D00326227;
			remoteInfo = Swart;
		};
/* End PBXContainerItemProxy section */

/* Begin PBXFileReference section */
		C2031A9D26E821C9008335A4 /* Color+Extensions.swift */ = {isa = PBXFileReference; lastKnownFileType = sourcecode.swift; path = "Color+Extensions.swift"; sourceTree = "<group>"; };
		C2051EA326EA862E0050C197 /* ImagePicker.swift */ = {isa = PBXFileReference; lastKnownFileType = sourcecode.swift; path = ImagePicker.swift; sourceTree = "<group>"; };
		C20C414B26DEED7C00959C09 /* User.swift */ = {isa = PBXFileReference; lastKnownFileType = sourcecode.swift; path = User.swift; sourceTree = "<group>"; };
		C20C414D26DEF43100959C09 /* AuthentificationViewModel.swift */ = {isa = PBXFileReference; lastKnownFileType = sourcecode.swift; path = AuthentificationViewModel.swift; sourceTree = "<group>"; };
		C20D0CAA270B55DF00259061 /* .swiftlint.yml */ = {isa = PBXFileReference; lastKnownFileType = text.yaml; path = .swiftlint.yml; sourceTree = "<group>"; };
		C212DAF3273495AF00EA4C40 /* Artist.swift */ = {isa = PBXFileReference; lastKnownFileType = sourcecode.swift; path = Artist.swift; sourceTree = "<group>"; };
		C212DAF52734998200EA4C40 /* ArtistCollectionViewModel.swift */ = {isa = PBXFileReference; lastKnownFileType = sourcecode.swift; path = ArtistCollectionViewModel.swift; sourceTree = "<group>"; };
		C21C2F3C270CC10D0086579E /* Arts.swift */ = {isa = PBXFileReference; lastKnownFileType = sourcecode.swift; path = Arts.swift; sourceTree = "<group>"; };
		C21D854C2729A813005476C9 /* ConfirmAddressManually.swift */ = {isa = PBXFileReference; lastKnownFileType = sourcecode.swift; path = ConfirmAddressManually.swift; sourceTree = "<group>"; };
		C22BE1D126FCB38400439384 /* HomeView.swift */ = {isa = PBXFileReference; lastKnownFileType = sourcecode.swift; path = HomeView.swift; sourceTree = "<group>"; };
		C22BE1D326FCCE8F00439384 /* LogInView.swift */ = {isa = PBXFileReference; lastKnownFileType = sourcecode.swift; path = LogInView.swift; sourceTree = "<group>"; };
		C22F65E926C6B54D00326227 /* Swart.app */ = {isa = PBXFileReference; explicitFileType = wrapper.application; includeInIndex = 0; path = Swart.app; sourceTree = BUILT_PRODUCTS_DIR; };
		C22F65EC26C6B54D00326227 /* SwartApp.swift */ = {isa = PBXFileReference; lastKnownFileType = sourcecode.swift; path = SwartApp.swift; sourceTree = "<group>"; };
		C22F65EE26C6B54D00326227 /* CreateAccountView.swift */ = {isa = PBXFileReference; lastKnownFileType = sourcecode.swift; path = CreateAccountView.swift; sourceTree = "<group>"; };
		C22F65F026C6B54E00326227 /* Assets.xcassets */ = {isa = PBXFileReference; lastKnownFileType = folder.assetcatalog; path = Assets.xcassets; sourceTree = "<group>"; };
		C22F65F326C6B54E00326227 /* Preview Assets.xcassets */ = {isa = PBXFileReference; lastKnownFileType = folder.assetcatalog; path = "Preview Assets.xcassets"; sourceTree = "<group>"; };
		C22F65F526C6B54E00326227 /* Info.plist */ = {isa = PBXFileReference; lastKnownFileType = text.plist.xml; path = Info.plist; sourceTree = "<group>"; };
		C22F660026C6B54E00326227 /* Info.plist */ = {isa = PBXFileReference; lastKnownFileType = text.plist.xml; path = Info.plist; sourceTree = "<group>"; };
		C22F660526C6B54E00326227 /* SwartUITests.xctest */ = {isa = PBXFileReference; explicitFileType = wrapper.cfbundle; includeInIndex = 0; path = SwartUITests.xctest; sourceTree = BUILT_PRODUCTS_DIR; };
		C22F660926C6B54E00326227 /* SwartUITests.swift */ = {isa = PBXFileReference; lastKnownFileType = sourcecode.swift; path = SwartUITests.swift; sourceTree = "<group>"; };
		C22F660B26C6B54E00326227 /* Info.plist */ = {isa = PBXFileReference; lastKnownFileType = text.plist.xml; path = Info.plist; sourceTree = "<group>"; };
		C22F661C26C6CBCD00326227 /* GoogleService-Info.plist */ = {isa = PBXFileReference; fileEncoding = 4; lastKnownFileType = text.plist.xml; path = "GoogleService-Info.plist"; sourceTree = "<group>"; };
		C23B4AE326E524A000BA65BA /* ViewIsHidden+Extensions.swift */ = {isa = PBXFileReference; lastKnownFileType = sourcecode.swift; path = "ViewIsHidden+Extensions.swift"; sourceTree = "<group>"; };
		C23B4AE926E5584100BA65BA /* MainTabView.swift */ = {isa = PBXFileReference; lastKnownFileType = sourcecode.swift; path = MainTabView.swift; sourceTree = "<group>"; };
		C240BBE6271B225B00FA805F /* ReviewProfileView.swift */ = {isa = PBXFileReference; lastKnownFileType = sourcecode.swift; path = ReviewProfileView.swift; sourceTree = "<group>"; };
		C242E98A27284A81007139AF /* UseCurrentLocation.swift */ = {isa = PBXFileReference; lastKnownFileType = sourcecode.swift; path = UseCurrentLocation.swift; sourceTree = "<group>"; };
		C243057C2757C5650094926B /* UserViews.swift */ = {isa = PBXFileReference; lastKnownFileType = sourcecode.swift; path = UserViews.swift; sourceTree = "<group>"; };
		C24FE76627149D8C00B6E1BC /* TextPresentationView.swift */ = {isa = PBXFileReference; lastKnownFileType = sourcecode.swift; path = TextPresentationView.swift; sourceTree = "<group>"; };
		C25605A5270A567600275B52 /* WhichArtView.swift */ = {isa = PBXFileReference; lastKnownFileType = sourcecode.swift; path = WhichArtView.swift; sourceTree = "<group>"; };
		C25738F0273EEEBB00D823F5 /* KeyboardHandler.swift */ = {isa = PBXFileReference; lastKnownFileType = sourcecode.swift; path = KeyboardHandler.swift; sourceTree = "<group>"; };
		C25738F2273F03FD00D823F5 /* HeadlineView.swift */ = {isa = PBXFileReference; lastKnownFileType = sourcecode.swift; path = HeadlineView.swift; sourceTree = "<group>"; };
		C25DABFE2708C3AB00E53FFB /* BecomeAnArtistHomePageView.swift */ = {isa = PBXFileReference; lastKnownFileType = sourcecode.swift; path = BecomeAnArtistHomePageView.swift; sourceTree = "<group>"; };
		C264536226FF9E1100B5AC13 /* DatesFormattersViewModel.swift */ = {isa = PBXFileReference; lastKnownFileType = sourcecode.swift; path = DatesFormattersViewModel.swift; sourceTree = "<group>"; };
		C267E2D3272DBC6700A36659 /* MapPin.swift */ = {isa = PBXFileReference; lastKnownFileType = sourcecode.swift; path = MapPin.swift; sourceTree = "<group>"; };
		C26F4E932741924600A7F3A6 /* StoreArtistContentViewModel.swift */ = {isa = PBXFileReference; lastKnownFileType = sourcecode.swift; path = StoreArtistContentViewModel.swift; sourceTree = "<group>"; };
		C2747E9A2719EACD009E7A06 /* PhotoPicker.swift */ = {isa = PBXFileReference; lastKnownFileType = sourcecode.swift; path = PhotoPicker.swift; sourceTree = "<group>"; };
		C2747E9C2719F9DA009E7A06 /* PhotoPickerModel.swift */ = {isa = PBXFileReference; lastKnownFileType = sourcecode.swift; path = PhotoPickerModel.swift; sourceTree = "<group>"; };
		C29B35C527061D5000C32829 /* PickerTextField.swift */ = {isa = PBXFileReference; lastKnownFileType = sourcecode.swift; path = PickerTextField.swift; sourceTree = "<group>"; };
		C29B36F72730505A000E7746 /* ArtistContentView.swift */ = {isa = PBXFileReference; lastKnownFileType = sourcecode.swift; path = ArtistContentView.swift; sourceTree = "<group>"; };
		C2A1A28E2715F5F400167CE7 /* VideoPresentationView.swift */ = {isa = PBXFileReference; lastKnownFileType = sourcecode.swift; path = VideoPresentationView.swift; sourceTree = "<group>"; };
		C2A9A36726CAFE4C0058ACA0 /* Swart.entitlements */ = {isa = PBXFileReference; lastKnownFileType = text.plist.entitlements; path = Swart.entitlements; sourceTree = "<group>"; };
		C2C41AF527038F5C00A014D4 /* Placeholder+Extensions.swift */ = {isa = PBXFileReference; lastKnownFileType = sourcecode.swift; path = "Placeholder+Extensions.swift"; sourceTree = "<group>"; };
		C2C8EA65273C0EC800C404E8 /* MultiTextFieldForPresentation.swift */ = {isa = PBXFileReference; lastKnownFileType = sourcecode.swift; path = MultiTextFieldForPresentation.swift; sourceTree = "<group>"; };
		C2CBABD727231CF400AF7DE9 /* ProfilePhotoView.swift */ = {isa = PBXFileReference; lastKnownFileType = sourcecode.swift; path = ProfilePhotoView.swift; sourceTree = "<group>"; };
		C2CBABDB27231F9700AF7DE9 /* ArtistFormViews.swift */ = {isa = PBXFileReference; lastKnownFileType = sourcecode.swift; path = ArtistFormViews.swift; sourceTree = "<group>"; };
		C2CE626F2727131F00253C6E /* Address.swift */ = {isa = PBXFileReference; lastKnownFileType = sourcecode.swift; path = Address.swift; sourceTree = "<group>"; };
		C2CE6271272752DA00253C6E /* EnterAddressView.swift */ = {isa = PBXFileReference; lastKnownFileType = sourcecode.swift; path = EnterAddressView.swift; sourceTree = "<group>"; };
		C2D5425E271C7A82002809A5 /* LivePhotoView.swift */ = {isa = PBXFileReference; lastKnownFileType = sourcecode.swift; path = LivePhotoView.swift; sourceTree = "<group>"; };
		C2D826AE27122DDF005D2DDE /* WhereToPerformView.swift */ = {isa = PBXFileReference; lastKnownFileType = sourcecode.swift; path = WhereToPerformView.swift; sourceTree = "<group>"; };
		C2DA6FE52725C68F00E72754 /* AddressView.swift */ = {isa = PBXFileReference; lastKnownFileType = sourcecode.swift; path = AddressView.swift; sourceTree = "<group>"; };
		C2DA6FE72725F97B00E72754 /* AddressViewModel.swift */ = {isa = PBXFileReference; lastKnownFileType = sourcecode.swift; path = AddressViewModel.swift; sourceTree = "<group>"; };
		C2DADA8326E7B52C0065667C /* UserCollectionViewModel.swift */ = {isa = PBXFileReference; lastKnownFileType = sourcecode.swift; path = UserCollectionViewModel.swift; sourceTree = "<group>"; };
		C2DADA8526E7C39C0065667C /* UserInAuthentification.swift */ = {isa = PBXFileReference; lastKnownFileType = sourcecode.swift; path = UserInAuthentification.swift; sourceTree = "<group>"; };
		C2DF8982273F08B2007C1F8F /* MultiTextFieldForHeadline.swift */ = {isa = PBXFileReference; lastKnownFileType = sourcecode.swift; path = MultiTextFieldForHeadline.swift; sourceTree = "<group>"; };
		C2F81E6926E8FAD600E26147 /* ProfileView.swift */ = {isa = PBXFileReference; lastKnownFileType = sourcecode.swift; path = ProfileView.swift; sourceTree = "<group>"; };
		C2F81E6B26E9062E00E26147 /* PersonalInformationView.swift */ = {isa = PBXFileReference; lastKnownFileType = sourcecode.swift; path = PersonalInformationView.swift; sourceTree = "<group>"; };
		C2F81E6D26E90A2500E26147 /* PaymentView.swift */ = {isa = PBXFileReference; lastKnownFileType = sourcecode.swift; path = PaymentView.swift; sourceTree = "<group>"; };
		C2F81E6F26E90AC100E26147 /* NotificationsView.swift */ = {isa = PBXFileReference; lastKnownFileType = sourcecode.swift; path = NotificationsView.swift; sourceTree = "<group>"; };
		C2FB405F26C95F4400C23362 /* EmailForgotPasswordView.swift */ = {isa = PBXFileReference; lastKnownFileType = sourcecode.swift; path = EmailForgotPasswordView.swift; sourceTree = "<group>"; };
/* End PBXFileReference section */

/* Begin PBXFrameworksBuildPhase section */
		C22F65E626C6B54D00326227 /* Frameworks */ = {
			isa = PBXFrameworksBuildPhase;
			buildActionMask = 2147483647;
			files = (
				C27EAA46270759AB00776761 /* FirebaseMessaging in Frameworks */,
				C27EAA44270759AB00776761 /* FirebaseMLModelDownloader in Frameworks */,
				C2A327E026E143BC00350872 /* ActivityIndicatorView in Frameworks */,
				C27EAA3E270759AB00776761 /* FirebaseInAppMessaging-Beta in Frameworks */,
				C27EAA2C270759AB00776761 /* FirebaseAnalyticsWithoutAdIdSupport in Frameworks */,
				C27EAA4C270759AB00776761 /* FirebaseStorageSwift-Beta in Frameworks */,
				C2E247A926F901450064C41B /* SDWebImageSwiftUI in Frameworks */,
				C27EAA2A270759AB00776761 /* FirebaseAnalyticsSwift-Beta in Frameworks */,
				C27EAA28270759AB00776761 /* FirebaseAnalytics in Frameworks */,
				C27EAA32270759AB00776761 /* FirebaseCrashlytics in Frameworks */,
				C27EAA40270759AB00776761 /* FirebaseInAppMessagingSwift-Beta in Frameworks */,
				C27EAA48270759AB00776761 /* FirebaseRemoteConfig in Frameworks */,
				C27EAA34270759AB00776761 /* FirebaseDatabase in Frameworks */,
				C27EAA30270759AB00776761 /* FirebaseAuth in Frameworks */,
				C27EAA4A270759AB00776761 /* FirebaseStorage in Frameworks */,
				C27EAA2E270759AB00776761 /* FirebaseAppDistribution-Beta in Frameworks */,
				C27EAA42270759AB00776761 /* FirebaseInstallations in Frameworks */,
				C27EAA3C270759AB00776761 /* FirebaseFunctions in Frameworks */,
				C27EAA3A270759AB00776761 /* FirebaseFirestoreSwift-Beta in Frameworks */,
				C27EAA38270759AB00776761 /* FirebaseFirestore in Frameworks */,
				C27EAA36270759AB00776761 /* FirebaseDynamicLinks in Frameworks */,
			);
			runOnlyForDeploymentPostprocessing = 0;
		};
		C22F660226C6B54E00326227 /* Frameworks */ = {
			isa = PBXFrameworksBuildPhase;
			buildActionMask = 2147483647;
			files = (
			);
			runOnlyForDeploymentPostprocessing = 0;
		};
/* End PBXFrameworksBuildPhase section */

/* Begin PBXGroup section */
		C20C412E26DEE2B600959C09 /* Views */ = {
			isa = PBXGroup;
			children = (
				C2CBABD927231F5400AF7DE9 /* Refactoring Views */,
				C23B4AEB26E558AA00BA65BA /* Authentification */,
				C23B4AEC26E558BB00BA65BA /* TabBar */,
			);
			path = Views;
			sourceTree = "<group>";
		};
		C20C413226DEE34A00959C09 /* Models */ = {
			isa = PBXGroup;
			children = (
				C2DADA8526E7C39C0065667C /* UserInAuthentification.swift */,
				C20C414B26DEED7C00959C09 /* User.swift */,
				C212DAF3273495AF00EA4C40 /* Artist.swift */,
				C21C2F3C270CC10D0086579E /* Arts.swift */,
				C2CE626F2727131F00253C6E /* Address.swift */,
				C267E2D3272DBC6700A36659 /* MapPin.swift */,
			);
			path = Models;
			sourceTree = "<group>";
		};
		C20C413326DEE35200959C09 /* ViewModels */ = {
			isa = PBXGroup;
			children = (
				C20C414D26DEF43100959C09 /* AuthentificationViewModel.swift */,
				C2DADA8326E7B52C0065667C /* UserCollectionViewModel.swift */,
				C212DAF52734998200EA4C40 /* ArtistCollectionViewModel.swift */,
				C26F4E932741924600A7F3A6 /* StoreArtistContentViewModel.swift */,
				C264536226FF9E1100B5AC13 /* DatesFormattersViewModel.swift */,
				C2747E9C2719F9DA009E7A06 /* PhotoPickerModel.swift */,
				C2DA6FE72725F97B00E72754 /* AddressViewModel.swift */,
				C29B35C427061D1400C32829 /* Representable */,
				C25738EF273EEE9800D823F5 /* Combine */,
			);
			path = ViewModels;
			sourceTree = "<group>";
		};
		C22F65E026C6B54D00326227 = {
			isa = PBXGroup;
			children = (
				C20D0CAA270B55DF00259061 /* .swiftlint.yml */,
				C22F65EB26C6B54D00326227 /* Swart */,
				C22F65FD26C6B54E00326227 /* SwartTests */,
				C22F660826C6B54E00326227 /* SwartUITests */,
				C22F65EA26C6B54D00326227 /* Products */,
			);
			sourceTree = "<group>";
		};
		C22F65EA26C6B54D00326227 /* Products */ = {
			isa = PBXGroup;
			children = (
				C22F65E926C6B54D00326227 /* Swart.app */,
				C22F660526C6B54E00326227 /* SwartUITests.xctest */,
			);
			name = Products;
			sourceTree = "<group>";
		};
		C22F65EB26C6B54D00326227 /* Swart */ = {
			isa = PBXGroup;
			children = (
				C2A9A36726CAFE4C0058ACA0 /* Swart.entitlements */,
				C22F65EC26C6B54D00326227 /* SwartApp.swift */,
				C20C413226DEE34A00959C09 /* Models */,
				C20C413326DEE35200959C09 /* ViewModels */,
				C20C412E26DEE2B600959C09 /* Views */,
				C2A327DB26E11F6E00350872 /* Extensions */,
				C22F65F026C6B54E00326227 /* Assets.xcassets */,
				C22F661C26C6CBCD00326227 /* GoogleService-Info.plist */,
				C22F65F526C6B54E00326227 /* Info.plist */,
				C22F65F226C6B54E00326227 /* Preview Content */,
			);
			path = Swart;
			sourceTree = "<group>";
		};
		C22F65F226C6B54E00326227 /* Preview Content */ = {
			isa = PBXGroup;
			children = (
				C22F65F326C6B54E00326227 /* Preview Assets.xcassets */,
			);
			path = "Preview Content";
			sourceTree = "<group>";
		};
		C22F65FD26C6B54E00326227 /* SwartTests */ = {
			isa = PBXGroup;
			children = (
				C22F660026C6B54E00326227 /* Info.plist */,
			);
			path = SwartTests;
			sourceTree = "<group>";
		};
		C22F660826C6B54E00326227 /* SwartUITests */ = {
			isa = PBXGroup;
			children = (
				C22F660926C6B54E00326227 /* SwartUITests.swift */,
				C22F660B26C6B54E00326227 /* Info.plist */,
			);
			path = SwartUITests;
			sourceTree = "<group>";
		};
		C23B4AEB26E558AA00BA65BA /* Authentification */ = {
			isa = PBXGroup;
			children = (
				C22BE1D126FCB38400439384 /* HomeView.swift */,
				C22F65EE26C6B54D00326227 /* CreateAccountView.swift */,
				C22BE1D326FCCE8F00439384 /* LogInView.swift */,
				C2FB405F26C95F4400C23362 /* EmailForgotPasswordView.swift */,
			);
			path = Authentification;
			sourceTree = "<group>";
		};
		C23B4AEC26E558BB00BA65BA /* TabBar */ = {
			isa = PBXGroup;
			children = (
				C23B4AE926E5584100BA65BA /* MainTabView.swift */,
				C2F81E7126E90BB800E26147 /* Profile */,
			);
			path = TabBar;
			sourceTree = "<group>";
		};
		C242E98C272852B1007139AF /* Address */ = {
			isa = PBXGroup;
			children = (
				C2DA6FE52725C68F00E72754 /* AddressView.swift */,
				C2CE6271272752DA00253C6E /* EnterAddressView.swift */,
				C242E98A27284A81007139AF /* UseCurrentLocation.swift */,
				C21D854C2729A813005476C9 /* ConfirmAddressManually.swift */,
			);
			path = Address;
			sourceTree = "<group>";
		};
		C25738EF273EEE9800D823F5 /* Combine */ = {
			isa = PBXGroup;
			children = (
				C25738F0273EEEBB00D823F5 /* KeyboardHandler.swift */,
			);
			path = Combine;
			sourceTree = "<group>";
		};
		C29B35C427061D1400C32829 /* Representable */ = {
			isa = PBXGroup;
			children = (
				C2051EA326EA862E0050C197 /* ImagePicker.swift */,
				C2747E9A2719EACD009E7A06 /* PhotoPicker.swift */,
				C2D5425E271C7A82002809A5 /* LivePhotoView.swift */,
				C29B35C527061D5000C32829 /* PickerTextField.swift */,
				C2DF8982273F08B2007C1F8F /* MultiTextFieldForHeadline.swift */,
				C2C8EA65273C0EC800C404E8 /* MultiTextFieldForPresentation.swift */,
			);
			path = Representable;
			sourceTree = "<group>";
		};
		C2A327DB26E11F6E00350872 /* Extensions */ = {
			isa = PBXGroup;
			children = (
				C2031A9D26E821C9008335A4 /* Color+Extensions.swift */,
				C2C41AF527038F5C00A014D4 /* Placeholder+Extensions.swift */,
				C23B4AE326E524A000BA65BA /* ViewIsHidden+Extensions.swift */,
			);
			path = Extensions;
			sourceTree = "<group>";
		};
		C2CBABD927231F5400AF7DE9 /* Refactoring Views */ = {
			isa = PBXGroup;
			children = (
				C243057C2757C5650094926B /* UserViews.swift */,
				C2CBABDB27231F9700AF7DE9 /* ArtistFormViews.swift */,
			);
			path = "Refactoring Views";
			sourceTree = "<group>";
		};
		C2F81E7126E90BB800E26147 /* Profile */ = {
			isa = PBXGroup;
			children = (
				C2F81E6926E8FAD600E26147 /* ProfileView.swift */,
				C2F81E7226E90E7B00E26147 /* Account Paramaters */,
				C2F81E7526E90EA200E26147 /* Becoming An Artist */,
				C2F81E7426E90E9B00E26147 /* Referral Credit & Coupons */,
				C2F81E7626E91BC300E26147 /* Support */,
				C2F81E7326E90E9200E26147 /* Legal */,
			);
			path = Profile;
			sourceTree = "<group>";
		};
		C2F81E7226E90E7B00E26147 /* Account Paramaters */ = {
			isa = PBXGroup;
			children = (
				C2F81E6B26E9062E00E26147 /* PersonalInformationView.swift */,
				C2F81E6D26E90A2500E26147 /* PaymentView.swift */,
				C2F81E6F26E90AC100E26147 /* NotificationsView.swift */,
			);
			path = "Account Paramaters";
			sourceTree = "<group>";
		};
		C2F81E7326E90E9200E26147 /* Legal */ = {
			isa = PBXGroup;
			children = (
			);
			path = Legal;
			sourceTree = "<group>";
		};
		C2F81E7426E90E9B00E26147 /* Referral Credit & Coupons */ = {
			isa = PBXGroup;
			children = (
			);
			path = "Referral Credit & Coupons";
			sourceTree = "<group>";
		};
		C2F81E7526E90EA200E26147 /* Becoming An Artist */ = {
			isa = PBXGroup;
			children = (
				C25DABFE2708C3AB00E53FFB /* BecomeAnArtistHomePageView.swift */,
				C25605A5270A567600275B52 /* WhichArtView.swift */,
				C2D826AE27122DDF005D2DDE /* WhereToPerformView.swift */,
				C242E98C272852B1007139AF /* Address */,
				C2CBABD727231CF400AF7DE9 /* ProfilePhotoView.swift */,
				C25738F2273F03FD00D823F5 /* HeadlineView.swift */,
				C24FE76627149D8C00B6E1BC /* TextPresentationView.swift */,
				C2A1A28E2715F5F400167CE7 /* VideoPresentationView.swift */,
				C29B36F72730505A000E7746 /* ArtistContentView.swift */,
				C240BBE6271B225B00FA805F /* ReviewProfileView.swift */,
			);
			path = "Becoming An Artist";
			sourceTree = "<group>";
		};
		C2F81E7626E91BC300E26147 /* Support */ = {
			isa = PBXGroup;
			children = (
			);
			name = Support;
			path = "New Group/Support";
			sourceTree = "<group>";
		};
/* End PBXGroup section */

/* Begin PBXNativeTarget section */
		C22F65E826C6B54D00326227 /* Swart */ = {
			isa = PBXNativeTarget;
			buildConfigurationList = C22F660E26C6B54E00326227 /* Build configuration list for PBXNativeTarget "Swart" */;
			buildPhases = (
				C22F65E526C6B54D00326227 /* Sources */,
				C22F65E626C6B54D00326227 /* Frameworks */,
				C22F65E726C6B54D00326227 /* Resources */,
				C20D0CA5270B4C4800259061 /* ShellScript */,
			);
			buildRules = (
			);
			dependencies = (
			);
			name = Swart;
			packageProductDependencies = (
				C2A327DF26E143BC00350872 /* ActivityIndicatorView */,
				C2E247A826F901450064C41B /* SDWebImageSwiftUI */,
				C27EAA27270759AB00776761 /* FirebaseAnalytics */,
				C27EAA29270759AB00776761 /* FirebaseAnalyticsSwift-Beta */,
				C27EAA2B270759AB00776761 /* FirebaseAnalyticsWithoutAdIdSupport */,
				C27EAA2D270759AB00776761 /* FirebaseAppDistribution-Beta */,
				C27EAA2F270759AB00776761 /* FirebaseAuth */,
				C27EAA31270759AB00776761 /* FirebaseCrashlytics */,
				C27EAA33270759AB00776761 /* FirebaseDatabase */,
				C27EAA35270759AB00776761 /* FirebaseDynamicLinks */,
				C27EAA37270759AB00776761 /* FirebaseFirestore */,
				C27EAA39270759AB00776761 /* FirebaseFirestoreSwift-Beta */,
				C27EAA3B270759AB00776761 /* FirebaseFunctions */,
				C27EAA3D270759AB00776761 /* FirebaseInAppMessaging-Beta */,
				C27EAA3F270759AB00776761 /* FirebaseInAppMessagingSwift-Beta */,
				C27EAA41270759AB00776761 /* FirebaseInstallations */,
				C27EAA43270759AB00776761 /* FirebaseMLModelDownloader */,
				C27EAA45270759AB00776761 /* FirebaseMessaging */,
				C27EAA47270759AB00776761 /* FirebaseRemoteConfig */,
				C27EAA49270759AB00776761 /* FirebaseStorage */,
				C27EAA4B270759AB00776761 /* FirebaseStorageSwift-Beta */,
			);
			productName = Swart;
			productReference = C22F65E926C6B54D00326227 /* Swart.app */;
			productType = "com.apple.product-type.application";
		};
		C22F660426C6B54E00326227 /* SwartUITests */ = {
			isa = PBXNativeTarget;
			buildConfigurationList = C22F661426C6B54E00326227 /* Build configuration list for PBXNativeTarget "SwartUITests" */;
			buildPhases = (
				C22F660126C6B54E00326227 /* Sources */,
				C22F660226C6B54E00326227 /* Frameworks */,
				C22F660326C6B54E00326227 /* Resources */,
			);
			buildRules = (
			);
			dependencies = (
				C22F660726C6B54E00326227 /* PBXTargetDependency */,
			);
			name = SwartUITests;
			productName = SwartUITests;
			productReference = C22F660526C6B54E00326227 /* SwartUITests.xctest */;
			productType = "com.apple.product-type.bundle.ui-testing";
		};
/* End PBXNativeTarget section */

/* Begin PBXProject section */
		C22F65E126C6B54D00326227 /* Project object */ = {
			isa = PBXProject;
			attributes = {
				LastSwiftUpdateCheck = 1250;
				LastUpgradeCheck = 1250;
				TargetAttributes = {
					C22F65E826C6B54D00326227 = {
						CreatedOnToolsVersion = 12.5.1;
					};
					C22F660426C6B54E00326227 = {
						CreatedOnToolsVersion = 12.5.1;
						TestTargetID = C22F65E826C6B54D00326227;
					};
				};
			};
			buildConfigurationList = C22F65E426C6B54D00326227 /* Build configuration list for PBXProject "Swart" */;
			compatibilityVersion = "Xcode 9.3";
			developmentRegion = en;
			hasScannedForEncodings = 0;
			knownRegions = (
				en,
				Base,
			);
			mainGroup = C22F65E026C6B54D00326227;
			packageReferences = (
				C2A327DE26E143BB00350872 /* XCRemoteSwiftPackageReference "ActivityIndicatorView" */,
				C2E247A726F901450064C41B /* XCRemoteSwiftPackageReference "SDWebImageSwiftUI" */,
				C27EAA26270759AB00776761 /* XCRemoteSwiftPackageReference "firebase-ios-sdk" */,
			);
			productRefGroup = C22F65EA26C6B54D00326227 /* Products */;
			projectDirPath = "";
			projectRoot = "";
			targets = (
				C22F65E826C6B54D00326227 /* Swart */,
				C22F660426C6B54E00326227 /* SwartUITests */,
			);
		};
/* End PBXProject section */

/* Begin PBXResourcesBuildPhase section */
		C22F65E726C6B54D00326227 /* Resources */ = {
			isa = PBXResourcesBuildPhase;
			buildActionMask = 2147483647;
			files = (
				C20D0CAB270B55DF00259061 /* .swiftlint.yml in Resources */,
				C22F65F426C6B54E00326227 /* Preview Assets.xcassets in Resources */,
				C22F65F126C6B54E00326227 /* Assets.xcassets in Resources */,
				C22F661D26C6CBCD00326227 /* GoogleService-Info.plist in Resources */,
			);
			runOnlyForDeploymentPostprocessing = 0;
		};
		C22F660326C6B54E00326227 /* Resources */ = {
			isa = PBXResourcesBuildPhase;
			buildActionMask = 2147483647;
			files = (
			);
			runOnlyForDeploymentPostprocessing = 0;
		};
/* End PBXResourcesBuildPhase section */

/* Begin PBXShellScriptBuildPhase section */
		C20D0CA5270B4C4800259061 /* ShellScript */ = {
			isa = PBXShellScriptBuildPhase;
			buildActionMask = 2147483647;
			files = (
			);
			inputFileListPaths = (
			);
			inputPaths = (
			);
			outputFileListPaths = (
			);
			outputPaths = (
			);
			runOnlyForDeploymentPostprocessing = 0;
			shellPath = /bin/sh;
			shellScript = "if which swiftlint >/dev/null; then\n    swiftlint\nelse\n    echo \"warning: SwiftLint not installed, download from https://github.com/realm/SwiftLint\"\nfi\n";
		};
/* End PBXShellScriptBuildPhase section */

/* Begin PBXSourcesBuildPhase section */
		C22F65E526C6B54D00326227 /* Sources */ = {
			isa = PBXSourcesBuildPhase;
			buildActionMask = 2147483647;
			files = (
				C2747E9B2719EACD009E7A06 /* PhotoPicker.swift in Sources */,
				C2DADA8626E7C39C0065667C /* UserInAuthentification.swift in Sources */,
				C2CBABDC27231F9700AF7DE9 /* ArtistFormViews.swift in Sources */,
				C264536326FF9E1100B5AC13 /* DatesFormattersViewModel.swift in Sources */,
				C25738F3273F03FD00D823F5 /* HeadlineView.swift in Sources */,
				C22F65EF26C6B54D00326227 /* CreateAccountView.swift in Sources */,
				C2CBABD827231CF400AF7DE9 /* ProfilePhotoView.swift in Sources */,
				C243057D2757C5650094926B /* UserViews.swift in Sources */,
				C212DAF4273495AF00EA4C40 /* Artist.swift in Sources */,
				C2D5425F271C7A82002809A5 /* LivePhotoView.swift in Sources */,
				C2051EA426EA862E0050C197 /* ImagePicker.swift in Sources */,
				C26F4E942741924600A7F3A6 /* StoreArtistContentViewModel.swift in Sources */,
				C2A1A28F2715F5F400167CE7 /* VideoPresentationView.swift in Sources */,
				C23B4AE426E524A000BA65BA /* ViewIsHidden+Extensions.swift in Sources */,
				C240BBE7271B225B00FA805F /* ReviewProfileView.swift in Sources */,
				C24FE76727149D8C00B6E1BC /* TextPresentationView.swift in Sources */,
				C21C2F3D270CC10D0086579E /* Arts.swift in Sources */,
				C22BE1D426FCCE8F00439384 /* LogInView.swift in Sources */,
				C25605A6270A567600275B52 /* WhichArtView.swift in Sources */,
				C2CE62702727131F00253C6E /* Address.swift in Sources */,
				C2F81E6E26E90A2500E26147 /* PaymentView.swift in Sources */,
				C2DADA8426E7B52C0065667C /* UserCollectionViewModel.swift in Sources */,
				C2F81E6A26E8FAD600E26147 /* ProfileView.swift in Sources */,
				C25DABFF2708C3AB00E53FFB /* BecomeAnArtistHomePageView.swift in Sources */,
				C23B4AEA26E5584100BA65BA /* MainTabView.swift in Sources */,
				C212DAF62734998200EA4C40 /* ArtistCollectionViewModel.swift in Sources */,
				C29B35C627061D5000C32829 /* PickerTextField.swift in Sources */,
				C2DF8983273F08B2007C1F8F /* MultiTextFieldForHeadline.swift in Sources */,
				C2D826AF27122DDF005D2DDE /* WhereToPerformView.swift in Sources */,
				C2CE6272272752DA00253C6E /* EnterAddressView.swift in Sources */,
				C29B36F82730505A000E7746 /* ArtistContentView.swift in Sources */,
				C22BE1D226FCB38400439384 /* HomeView.swift in Sources */,
				C21D854D2729A813005476C9 /* ConfirmAddressManually.swift in Sources */,
				C25738F1273EEEBB00D823F5 /* KeyboardHandler.swift in Sources */,
				C2F81E6C26E9062E00E26147 /* PersonalInformationView.swift in Sources */,
				C2C8EA66273C0EC800C404E8 /* MultiTextFieldForPresentation.swift in Sources */,
				C2C41AF627038F5C00A014D4 /* Placeholder+Extensions.swift in Sources */,
				C20C414E26DEF43100959C09 /* AuthentificationViewModel.swift in Sources */,
				C20C414C26DEED7C00959C09 /* User.swift in Sources */,
				C267E2D4272DBC6700A36659 /* MapPin.swift in Sources */,
				C2DA6FE82725F97B00E72754 /* AddressViewModel.swift in Sources */,
				C2F81E7026E90AC100E26147 /* NotificationsView.swift in Sources */,
				C2747E9D2719F9DA009E7A06 /* PhotoPickerModel.swift in Sources */,
				C22F65ED26C6B54D00326227 /* SwartApp.swift in Sources */,
				C242E98B27284A81007139AF /* UseCurrentLocation.swift in Sources */,
				C2DA6FE62725C68F00E72754 /* AddressView.swift in Sources */,
				C2031A9E26E821C9008335A4 /* Color+Extensions.swift in Sources */,
				C2FB406026C95F4400C23362 /* EmailForgotPasswordView.swift in Sources */,
			);
			runOnlyForDeploymentPostprocessing = 0;
		};
		C22F660126C6B54E00326227 /* Sources */ = {
			isa = PBXSourcesBuildPhase;
			buildActionMask = 2147483647;
			files = (
				C22F660A26C6B54E00326227 /* SwartUITests.swift in Sources */,
			);
			runOnlyForDeploymentPostprocessing = 0;
		};
/* End PBXSourcesBuildPhase section */

/* Begin PBXTargetDependency section */
		C22F660726C6B54E00326227 /* PBXTargetDependency */ = {
			isa = PBXTargetDependency;
			target = C22F65E826C6B54D00326227 /* Swart */;
			targetProxy = C22F660626C6B54E00326227 /* PBXContainerItemProxy */;
		};
/* End PBXTargetDependency section */

/* Begin XCBuildConfiguration section */
		C22F660C26C6B54E00326227 /* Debug */ = {
			isa = XCBuildConfiguration;
			buildSettings = {
				ALWAYS_SEARCH_USER_PATHS = NO;
				CLANG_ANALYZER_NONNULL = YES;
				CLANG_ANALYZER_NUMBER_OBJECT_CONVERSION = YES_AGGRESSIVE;
				CLANG_CXX_LANGUAGE_STANDARD = "gnu++14";
				CLANG_CXX_LIBRARY = "libc++";
				CLANG_ENABLE_MODULES = YES;
				CLANG_ENABLE_OBJC_ARC = YES;
				CLANG_ENABLE_OBJC_WEAK = YES;
				CLANG_WARN_BLOCK_CAPTURE_AUTORELEASING = YES;
				CLANG_WARN_BOOL_CONVERSION = YES;
				CLANG_WARN_COMMA = YES;
				CLANG_WARN_CONSTANT_CONVERSION = YES;
				CLANG_WARN_DEPRECATED_OBJC_IMPLEMENTATIONS = YES;
				CLANG_WARN_DIRECT_OBJC_ISA_USAGE = YES_ERROR;
				CLANG_WARN_DOCUMENTATION_COMMENTS = YES;
				CLANG_WARN_EMPTY_BODY = YES;
				CLANG_WARN_ENUM_CONVERSION = YES;
				CLANG_WARN_INFINITE_RECURSION = YES;
				CLANG_WARN_INT_CONVERSION = YES;
				CLANG_WARN_NON_LITERAL_NULL_CONVERSION = YES;
				CLANG_WARN_OBJC_IMPLICIT_RETAIN_SELF = YES;
				CLANG_WARN_OBJC_LITERAL_CONVERSION = YES;
				CLANG_WARN_OBJC_ROOT_CLASS = YES_ERROR;
				CLANG_WARN_QUOTED_INCLUDE_IN_FRAMEWORK_HEADER = YES;
				CLANG_WARN_RANGE_LOOP_ANALYSIS = YES;
				CLANG_WARN_STRICT_PROTOTYPES = YES;
				CLANG_WARN_SUSPICIOUS_MOVE = YES;
				CLANG_WARN_UNGUARDED_AVAILABILITY = YES_AGGRESSIVE;
				CLANG_WARN_UNREACHABLE_CODE = YES;
				CLANG_WARN__DUPLICATE_METHOD_MATCH = YES;
				COPY_PHASE_STRIP = NO;
				DEBUG_INFORMATION_FORMAT = dwarf;
				ENABLE_STRICT_OBJC_MSGSEND = YES;
				ENABLE_TESTABILITY = YES;
				GCC_C_LANGUAGE_STANDARD = gnu11;
				GCC_DYNAMIC_NO_PIC = NO;
				GCC_NO_COMMON_BLOCKS = YES;
				GCC_OPTIMIZATION_LEVEL = 0;
				GCC_PREPROCESSOR_DEFINITIONS = (
					"DEBUG=1",
					"$(inherited)",
				);
				GCC_WARN_64_TO_32_BIT_CONVERSION = YES;
				GCC_WARN_ABOUT_RETURN_TYPE = YES_ERROR;
				GCC_WARN_UNDECLARED_SELECTOR = YES;
				GCC_WARN_UNINITIALIZED_AUTOS = YES_AGGRESSIVE;
				GCC_WARN_UNUSED_FUNCTION = YES;
				GCC_WARN_UNUSED_VARIABLE = YES;
				IPHONEOS_DEPLOYMENT_TARGET = 14.5;
				MTL_ENABLE_DEBUG_INFO = INCLUDE_SOURCE;
				MTL_FAST_MATH = YES;
				ONLY_ACTIVE_ARCH = YES;
				SDKROOT = iphoneos;
				SWIFT_ACTIVE_COMPILATION_CONDITIONS = DEBUG;
				SWIFT_OPTIMIZATION_LEVEL = "-Onone";
			};
			name = Debug;
		};
		C22F660D26C6B54E00326227 /* Release */ = {
			isa = XCBuildConfiguration;
			buildSettings = {
				ALWAYS_SEARCH_USER_PATHS = NO;
				CLANG_ANALYZER_NONNULL = YES;
				CLANG_ANALYZER_NUMBER_OBJECT_CONVERSION = YES_AGGRESSIVE;
				CLANG_CXX_LANGUAGE_STANDARD = "gnu++14";
				CLANG_CXX_LIBRARY = "libc++";
				CLANG_ENABLE_MODULES = YES;
				CLANG_ENABLE_OBJC_ARC = YES;
				CLANG_ENABLE_OBJC_WEAK = YES;
				CLANG_WARN_BLOCK_CAPTURE_AUTORELEASING = YES;
				CLANG_WARN_BOOL_CONVERSION = YES;
				CLANG_WARN_COMMA = YES;
				CLANG_WARN_CONSTANT_CONVERSION = YES;
				CLANG_WARN_DEPRECATED_OBJC_IMPLEMENTATIONS = YES;
				CLANG_WARN_DIRECT_OBJC_ISA_USAGE = YES_ERROR;
				CLANG_WARN_DOCUMENTATION_COMMENTS = YES;
				CLANG_WARN_EMPTY_BODY = YES;
				CLANG_WARN_ENUM_CONVERSION = YES;
				CLANG_WARN_INFINITE_RECURSION = YES;
				CLANG_WARN_INT_CONVERSION = YES;
				CLANG_WARN_NON_LITERAL_NULL_CONVERSION = YES;
				CLANG_WARN_OBJC_IMPLICIT_RETAIN_SELF = YES;
				CLANG_WARN_OBJC_LITERAL_CONVERSION = YES;
				CLANG_WARN_OBJC_ROOT_CLASS = YES_ERROR;
				CLANG_WARN_QUOTED_INCLUDE_IN_FRAMEWORK_HEADER = YES;
				CLANG_WARN_RANGE_LOOP_ANALYSIS = YES;
				CLANG_WARN_STRICT_PROTOTYPES = YES;
				CLANG_WARN_SUSPICIOUS_MOVE = YES;
				CLANG_WARN_UNGUARDED_AVAILABILITY = YES_AGGRESSIVE;
				CLANG_WARN_UNREACHABLE_CODE = YES;
				CLANG_WARN__DUPLICATE_METHOD_MATCH = YES;
				COPY_PHASE_STRIP = NO;
				DEBUG_INFORMATION_FORMAT = "dwarf-with-dsym";
				ENABLE_NS_ASSERTIONS = NO;
				ENABLE_STRICT_OBJC_MSGSEND = YES;
				GCC_C_LANGUAGE_STANDARD = gnu11;
				GCC_NO_COMMON_BLOCKS = YES;
				GCC_WARN_64_TO_32_BIT_CONVERSION = YES;
				GCC_WARN_ABOUT_RETURN_TYPE = YES_ERROR;
				GCC_WARN_UNDECLARED_SELECTOR = YES;
				GCC_WARN_UNINITIALIZED_AUTOS = YES_AGGRESSIVE;
				GCC_WARN_UNUSED_FUNCTION = YES;
				GCC_WARN_UNUSED_VARIABLE = YES;
				IPHONEOS_DEPLOYMENT_TARGET = 14.5;
				MTL_ENABLE_DEBUG_INFO = NO;
				MTL_FAST_MATH = YES;
				SDKROOT = iphoneos;
				SWIFT_COMPILATION_MODE = wholemodule;
				SWIFT_OPTIMIZATION_LEVEL = "-O";
				VALIDATE_PRODUCT = YES;
			};
			name = Release;
		};
		C22F660F26C6B54E00326227 /* Debug */ = {
			isa = XCBuildConfiguration;
			buildSettings = {
				ASSETCATALOG_COMPILER_APPICON_NAME = AppIcon;
				ASSETCATALOG_COMPILER_GLOBAL_ACCENT_COLOR_NAME = AccentColor;
				CODE_SIGN_ENTITLEMENTS = Swart/Swart.entitlements;
				CODE_SIGN_IDENTITY = "Apple Development";
				CODE_SIGN_STYLE = Automatic;
				DEVELOPMENT_ASSET_PATHS = "\"Swart/Preview Content\"";
				DEVELOPMENT_TEAM = Y95WW55KWF;
				ENABLE_PREVIEWS = YES;
				INFOPLIST_FILE = Swart/Info.plist;
				IPHONEOS_DEPLOYMENT_TARGET = 14.3;
				LD_RUNPATH_SEARCH_PATHS = (
					"$(inherited)",
					"@executable_path/Frameworks",
				);
				PRODUCT_BUNDLE_IDENTIFIER = raphael.huangdubois.Swart;
				PRODUCT_NAME = "$(TARGET_NAME)";
				PROVISIONING_PROFILE_SPECIFIER = "";
				SWIFT_VERSION = 5.0;
				TARGETED_DEVICE_FAMILY = "1,2";
			};
			name = Debug;
		};
		C22F661026C6B54E00326227 /* Release */ = {
			isa = XCBuildConfiguration;
			buildSettings = {
				ASSETCATALOG_COMPILER_APPICON_NAME = AppIcon;
				ASSETCATALOG_COMPILER_GLOBAL_ACCENT_COLOR_NAME = AccentColor;
				CODE_SIGN_ENTITLEMENTS = Swart/Swart.entitlements;
				CODE_SIGN_IDENTITY = "Apple Development";
				CODE_SIGN_STYLE = Automatic;
				DEVELOPMENT_ASSET_PATHS = "\"Swart/Preview Content\"";
				DEVELOPMENT_TEAM = Y95WW55KWF;
				ENABLE_PREVIEWS = YES;
				INFOPLIST_FILE = Swart/Info.plist;
				IPHONEOS_DEPLOYMENT_TARGET = 14.3;
				LD_RUNPATH_SEARCH_PATHS = (
					"$(inherited)",
					"@executable_path/Frameworks",
				);
				PRODUCT_BUNDLE_IDENTIFIER = raphael.huangdubois.Swart;
				PRODUCT_NAME = "$(TARGET_NAME)";
				PROVISIONING_PROFILE_SPECIFIER = "";
				SWIFT_VERSION = 5.0;
				TARGETED_DEVICE_FAMILY = "1,2";
			};
			name = Release;
		};
		C22F661526C6B54E00326227 /* Debug */ = {
			isa = XCBuildConfiguration;
			buildSettings = {
				ALWAYS_EMBED_SWIFT_STANDARD_LIBRARIES = YES;
				CODE_SIGN_STYLE = Automatic;
				DEVELOPMENT_TEAM = V54XUHS56L;
				INFOPLIST_FILE = SwartUITests/Info.plist;
				LD_RUNPATH_SEARCH_PATHS = (
					"$(inherited)",
					"@executable_path/Frameworks",
					"@loader_path/Frameworks",
				);
				PRODUCT_BUNDLE_IDENTIFIER = raphael.huangdubois.SwartUITests;
				PRODUCT_NAME = "$(TARGET_NAME)";
				SWIFT_VERSION = 5.0;
				TARGETED_DEVICE_FAMILY = "1,2";
				TEST_TARGET_NAME = Swart;
			};
			name = Debug;
		};
		C22F661626C6B54E00326227 /* Release */ = {
			isa = XCBuildConfiguration;
			buildSettings = {
				ALWAYS_EMBED_SWIFT_STANDARD_LIBRARIES = YES;
				CODE_SIGN_STYLE = Automatic;
				DEVELOPMENT_TEAM = V54XUHS56L;
				INFOPLIST_FILE = SwartUITests/Info.plist;
				LD_RUNPATH_SEARCH_PATHS = (
					"$(inherited)",
					"@executable_path/Frameworks",
					"@loader_path/Frameworks",
				);
				PRODUCT_BUNDLE_IDENTIFIER = raphael.huangdubois.SwartUITests;
				PRODUCT_NAME = "$(TARGET_NAME)";
				SWIFT_VERSION = 5.0;
				TARGETED_DEVICE_FAMILY = "1,2";
				TEST_TARGET_NAME = Swart;
			};
			name = Release;
		};
/* End XCBuildConfiguration section */

/* Begin XCConfigurationList section */
		C22F65E426C6B54D00326227 /* Build configuration list for PBXProject "Swart" */ = {
			isa = XCConfigurationList;
			buildConfigurations = (
				C22F660C26C6B54E00326227 /* Debug */,
				C22F660D26C6B54E00326227 /* Release */,
			);
			defaultConfigurationIsVisible = 0;
			defaultConfigurationName = Release;
		};
		C22F660E26C6B54E00326227 /* Build configuration list for PBXNativeTarget "Swart" */ = {
			isa = XCConfigurationList;
			buildConfigurations = (
				C22F660F26C6B54E00326227 /* Debug */,
				C22F661026C6B54E00326227 /* Release */,
			);
			defaultConfigurationIsVisible = 0;
			defaultConfigurationName = Release;
		};
		C22F661426C6B54E00326227 /* Build configuration list for PBXNativeTarget "SwartUITests" */ = {
			isa = XCConfigurationList;
			buildConfigurations = (
				C22F661526C6B54E00326227 /* Debug */,
				C22F661626C6B54E00326227 /* Release */,
			);
			defaultConfigurationIsVisible = 0;
			defaultConfigurationName = Release;
		};
/* End XCConfigurationList section */

/* Begin XCRemoteSwiftPackageReference section */
		C27EAA26270759AB00776761 /* XCRemoteSwiftPackageReference "firebase-ios-sdk" */ = {
			isa = XCRemoteSwiftPackageReference;
			repositoryURL = "https://github.com/firebase/firebase-ios-sdk.git";
			requirement = {
				kind = upToNextMajorVersion;
				minimumVersion = 7.0.0;
			};
		};
		C2A327DE26E143BB00350872 /* XCRemoteSwiftPackageReference "ActivityIndicatorView" */ = {
			isa = XCRemoteSwiftPackageReference;
			repositoryURL = "https://github.com/exyte/ActivityIndicatorView.git";
			requirement = {
				kind = upToNextMajorVersion;
				minimumVersion = 0.0.7;
			};
		};
		C2E247A726F901450064C41B /* XCRemoteSwiftPackageReference "SDWebImageSwiftUI" */ = {
			isa = XCRemoteSwiftPackageReference;
			repositoryURL = "https://github.com/SDWebImage/SDWebImageSwiftUI.git";
			requirement = {
				kind = upToNextMajorVersion;
				minimumVersion = 2.0.2;
			};
		};
/* End XCRemoteSwiftPackageReference section */

/* Begin XCSwiftPackageProductDependency section */
		C27EAA27270759AB00776761 /* FirebaseAnalytics */ = {
			isa = XCSwiftPackageProductDependency;
			package = C27EAA26270759AB00776761 /* XCRemoteSwiftPackageReference "firebase-ios-sdk" */;
			productName = FirebaseAnalytics;
		};
		C27EAA29270759AB00776761 /* FirebaseAnalyticsSwift-Beta */ = {
			isa = XCSwiftPackageProductDependency;
			package = C27EAA26270759AB00776761 /* XCRemoteSwiftPackageReference "firebase-ios-sdk" */;
			productName = "FirebaseAnalyticsSwift-Beta";
		};
		C27EAA2B270759AB00776761 /* FirebaseAnalyticsWithoutAdIdSupport */ = {
			isa = XCSwiftPackageProductDependency;
			package = C27EAA26270759AB00776761 /* XCRemoteSwiftPackageReference "firebase-ios-sdk" */;
			productName = FirebaseAnalyticsWithoutAdIdSupport;
		};
		C27EAA2D270759AB00776761 /* FirebaseAppDistribution-Beta */ = {
			isa = XCSwiftPackageProductDependency;
			package = C27EAA26270759AB00776761 /* XCRemoteSwiftPackageReference "firebase-ios-sdk" */;
			productName = "FirebaseAppDistribution-Beta";
		};
		C27EAA2F270759AB00776761 /* FirebaseAuth */ = {
			isa = XCSwiftPackageProductDependency;
			package = C27EAA26270759AB00776761 /* XCRemoteSwiftPackageReference "firebase-ios-sdk" */;
			productName = FirebaseAuth;
		};
		C27EAA31270759AB00776761 /* FirebaseCrashlytics */ = {
			isa = XCSwiftPackageProductDependency;
			package = C27EAA26270759AB00776761 /* XCRemoteSwiftPackageReference "firebase-ios-sdk" */;
			productName = FirebaseCrashlytics;
		};
		C27EAA33270759AB00776761 /* FirebaseDatabase */ = {
			isa = XCSwiftPackageProductDependency;
			package = C27EAA26270759AB00776761 /* XCRemoteSwiftPackageReference "firebase-ios-sdk" */;
			productName = FirebaseDatabase;
		};
		C27EAA35270759AB00776761 /* FirebaseDynamicLinks */ = {
			isa = XCSwiftPackageProductDependency;
			package = C27EAA26270759AB00776761 /* XCRemoteSwiftPackageReference "firebase-ios-sdk" */;
			productName = FirebaseDynamicLinks;
		};
		C27EAA37270759AB00776761 /* FirebaseFirestore */ = {
			isa = XCSwiftPackageProductDependency;
			package = C27EAA26270759AB00776761 /* XCRemoteSwiftPackageReference "firebase-ios-sdk" */;
			productName = FirebaseFirestore;
		};
		C27EAA39270759AB00776761 /* FirebaseFirestoreSwift-Beta */ = {
			isa = XCSwiftPackageProductDependency;
			package = C27EAA26270759AB00776761 /* XCRemoteSwiftPackageReference "firebase-ios-sdk" */;
			productName = "FirebaseFirestoreSwift-Beta";
		};
		C27EAA3B270759AB00776761 /* FirebaseFunctions */ = {
			isa = XCSwiftPackageProductDependency;
			package = C27EAA26270759AB00776761 /* XCRemoteSwiftPackageReference "firebase-ios-sdk" */;
			productName = FirebaseFunctions;
		};
		C27EAA3D270759AB00776761 /* FirebaseInAppMessaging-Beta */ = {
			isa = XCSwiftPackageProductDependency;
			package = C27EAA26270759AB00776761 /* XCRemoteSwiftPackageReference "firebase-ios-sdk" */;
			productName = "FirebaseInAppMessaging-Beta";
		};
		C27EAA3F270759AB00776761 /* FirebaseInAppMessagingSwift-Beta */ = {
			isa = XCSwiftPackageProductDependency;
			package = C27EAA26270759AB00776761 /* XCRemoteSwiftPackageReference "firebase-ios-sdk" */;
			productName = "FirebaseInAppMessagingSwift-Beta";
		};
		C27EAA41270759AB00776761 /* FirebaseInstallations */ = {
			isa = XCSwiftPackageProductDependency;
			package = C27EAA26270759AB00776761 /* XCRemoteSwiftPackageReference "firebase-ios-sdk" */;
			productName = FirebaseInstallations;
		};
		C27EAA43270759AB00776761 /* FirebaseMLModelDownloader */ = {
			isa = XCSwiftPackageProductDependency;
			package = C27EAA26270759AB00776761 /* XCRemoteSwiftPackageReference "firebase-ios-sdk" */;
			productName = FirebaseMLModelDownloader;
		};
		C27EAA45270759AB00776761 /* FirebaseMessaging */ = {
			isa = XCSwiftPackageProductDependency;
			package = C27EAA26270759AB00776761 /* XCRemoteSwiftPackageReference "firebase-ios-sdk" */;
			productName = FirebaseMessaging;
		};
		C27EAA47270759AB00776761 /* FirebaseRemoteConfig */ = {
			isa = XCSwiftPackageProductDependency;
			package = C27EAA26270759AB00776761 /* XCRemoteSwiftPackageReference "firebase-ios-sdk" */;
			productName = FirebaseRemoteConfig;
		};
		C27EAA49270759AB00776761 /* FirebaseStorage */ = {
			isa = XCSwiftPackageProductDependency;
			package = C27EAA26270759AB00776761 /* XCRemoteSwiftPackageReference "firebase-ios-sdk" */;
			productName = FirebaseStorage;
		};
		C27EAA4B270759AB00776761 /* FirebaseStorageSwift-Beta */ = {
			isa = XCSwiftPackageProductDependency;
			package = C27EAA26270759AB00776761 /* XCRemoteSwiftPackageReference "firebase-ios-sdk" */;
			productName = "FirebaseStorageSwift-Beta";
		};
		C2A327DF26E143BC00350872 /* ActivityIndicatorView */ = {
			isa = XCSwiftPackageProductDependency;
			package = C2A327DE26E143BB00350872 /* XCRemoteSwiftPackageReference "ActivityIndicatorView" */;
			productName = ActivityIndicatorView;
		};
		C2E247A826F901450064C41B /* SDWebImageSwiftUI */ = {
			isa = XCSwiftPackageProductDependency;
			package = C2E247A726F901450064C41B /* XCRemoteSwiftPackageReference "SDWebImageSwiftUI" */;
			productName = SDWebImageSwiftUI;
		};
/* End XCSwiftPackageProductDependency section */
	};
	rootObject = C22F65E126C6B54D00326227 /* Project object */;
}
